
Microsoft Visual Studio Solution File, Format Version 12.00
# Visual Studio Version 16
VisualStudioVersion = 16.0.29123.89
MinimumVisualStudioVersion = 10.0.40219.1
Project("{FAE04EC0-301F-11D3-BF4B-00C04F79EFBC}") = "WpfCoreAWSTranscribeSample", "WpfCoreAWSTranscribeSample\WpfCoreAWSTranscribeSample.csproj", "{C220AE3A-B8BA-4AC5-9038-3FA11B1B722B}"
EndProject
Global
	GlobalSection(SolutionConfigurationPlatforms) = preSolution
		Debug|Any CPU = Debug|Any CPU
		Release|Any CPU = Release|Any CPU
	EndGlobalSection
	GlobalSection(ProjectConfigurationPlatforms) = postSolution
		{C220AE3A-B8BA-4AC5-9038-3FA11B1B722B}.Debug|Any CPU.ActiveCfg = Debug|Any CPU
		{C220AE3A-B8BA-4AC5-9038-3FA11B1B722B}.Debug|Any CPU.Build.0 = Debug|Any CPU
		{C220AE3A-B8BA-4AC5-9038-3FA11B1B722B}.Release|Any CPU.ActiveCfg = Release|Any CPU
		{C220AE3A-B8BA-4AC5-9038-3FA11B1B722B}.Release|Any CPU.Build.0 = Release|Any CPU
	EndGlobalSection
	GlobalSection(SolutionProperties) = preSolution
		HideSolutionNode = FALSE
	EndGlobalSection
	GlobalSection(ExtensibilityGlobals) = postSolution
		SolutionGuid = {EFD3C624-9051-465F-A570-41E55182F9EC}
	EndGlobalSection
EndGlobal
